// !$*UTF8*$!
{
	archiveVersion = 1;
	classes = {
	};
	objectVersion = 56;
	objects = {

/* Begin PBXBuildFile section */
		E8078BE329FE6E36007BA839 /* landmarkData.json in Resources */ = {isa = PBXBuildFile; fileRef = E8078BE229FE6E36007BA839 /* landmarkData.json */; };
		E8078BE529FE6E64007BA839 /* Landmark.swift in Sources */ = {isa = PBXBuildFile; fileRef = E8078BE429FE6E64007BA839 /* Landmark.swift */; };
		E8078BE729FE75F7007BA839 /* ModelData.swift in Sources */ = {isa = PBXBuildFile; fileRef = E8078BE629FE75F7007BA839 /* ModelData.swift */; };
		E8078BEC29FE78E0007BA839 /* LandmarkRow.swift in Sources */ = {isa = PBXBuildFile; fileRef = E8078BEB29FE78E0007BA839 /* LandmarkRow.swift */; };
		E8078BEE29FE845B007BA839 /* LandmarkList.swift in Sources */ = {isa = PBXBuildFile; fileRef = E8078BED29FE845B007BA839 /* LandmarkList.swift */; };
		E8078BF029FE850E007BA839 /* LandmarkDetail.swift in Sources */ = {isa = PBXBuildFile; fileRef = E8078BEF29FE850E007BA839 /* LandmarkDetail.swift */; };
		E82DE03929FD1E4500ADBC15 /* LandmarksApp.swift in Sources */ = {isa = PBXBuildFile; fileRef = E82DE03829FD1E4500ADBC15 /* LandmarksApp.swift */; };
		E82DE03B29FD1E4500ADBC15 /* ContentView.swift in Sources */ = {isa = PBXBuildFile; fileRef = E82DE03A29FD1E4500ADBC15 /* ContentView.swift */; };
		E82DE03D29FD1E4600ADBC15 /* Assets.xcassets in Resources */ = {isa = PBXBuildFile; fileRef = E82DE03C29FD1E4600ADBC15 /* Assets.xcassets */; };
		E82DE04029FD1E4600ADBC15 /* Preview Assets.xcassets in Resources */ = {isa = PBXBuildFile; fileRef = E82DE03F29FD1E4600ADBC15 /* Preview Assets.xcassets */; };
		E82DE04729FD24D500ADBC15 /* CircleImage.swift in Sources */ = {isa = PBXBuildFile; fileRef = E82DE04629FD24D500ADBC15 /* CircleImage.swift */; };
		E82DE04929FD259700ADBC15 /* MapView.swift in Sources */ = {isa = PBXBuildFile; fileRef = E82DE04829FD259700ADBC15 /* MapView.swift */; };
		E8E840A429FFB17E0020DAD1 /* FavoriteButton.swift in Sources */ = {isa = PBXBuildFile; fileRef = E8E840A329FFB17E0020DAD1 /* FavoriteButton.swift */; };
/* End PBXBuildFile section */

/* Begin PBXFileReference section */
		E8078BE229FE6E36007BA839 /* landmarkData.json */ = {isa = PBXFileReference; fileEncoding = 4; lastKnownFileType = text.json; path = landmarkData.json; sourceTree = "<group>"; };
		E8078BE429FE6E64007BA839 /* Landmark.swift */ = {isa = PBXFileReference; lastKnownFileType = sourcecode.swift; path = Landmark.swift; sourceTree = "<group>"; };
		E8078BE629FE75F7007BA839 /* ModelData.swift */ = {isa = PBXFileReference; lastKnownFileType = sourcecode.swift; path = ModelData.swift; sourceTree = "<group>"; };
		E8078BEB29FE78E0007BA839 /* LandmarkRow.swift */ = {isa = PBXFileReference; lastKnownFileType = sourcecode.swift; path = LandmarkRow.swift; sourceTree = "<group>"; };
		E8078BED29FE845B007BA839 /* LandmarkList.swift */ = {isa = PBXFileReference; lastKnownFileType = sourcecode.swift; path = LandmarkList.swift; sourceTree = "<group>"; };
		E8078BEF29FE850E007BA839 /* LandmarkDetail.swift */ = {isa = PBXFileReference; lastKnownFileType = sourcecode.swift; path = LandmarkDetail.swift; sourceTree = "<group>"; };
		E82DE03529FD1E4500ADBC15 /* Landmarks.app */ = {isa = PBXFileReference; explicitFileType = wrapper.application; includeInIndex = 0; path = Landmarks.app; sourceTree = BUILT_PRODUCTS_DIR; };
		E82DE03829FD1E4500ADBC15 /* LandmarksApp.swift */ = {isa = PBXFileReference; lastKnownFileType = sourcecode.swift; path = LandmarksApp.swift; sourceTree = "<group>"; };
		E82DE03A29FD1E4500ADBC15 /* ContentView.swift */ = {isa = PBXFileReference; lastKnownFileType = sourcecode.swift; path = ContentView.swift; sourceTree = "<group>"; };
		E82DE03C29FD1E4600ADBC15 /* Assets.xcassets */ = {isa = PBXFileReference; lastKnownFileType = folder.assetcatalog; path = Assets.xcassets; sourceTree = "<group>"; };
		E82DE03F29FD1E4600ADBC15 /* Preview Assets.xcassets */ = {isa = PBXFileReference; lastKnownFileType = folder.assetcatalog; path = "Preview Assets.xcassets"; sourceTree = "<group>"; };
		E82DE04629FD24D500ADBC15 /* CircleImage.swift */ = {isa = PBXFileReference; lastKnownFileType = sourcecode.swift; path = CircleImage.swift; sourceTree = "<group>"; };
		E82DE04829FD259700ADBC15 /* MapView.swift */ = {isa = PBXFileReference; lastKnownFileType = sourcecode.swift; path = MapView.swift; sourceTree = "<group>"; };
		E8E840A329FFB17E0020DAD1 /* FavoriteButton.swift */ = {isa = PBXFileReference; lastKnownFileType = sourcecode.swift; path = FavoriteButton.swift; sourceTree = "<group>"; };
/* End PBXFileReference section */

/* Begin PBXFrameworksBuildPhase section */
		E82DE03229FD1E4500ADBC15 /* Frameworks */ = {
			isa = PBXFrameworksBuildPhase;
			buildActionMask = 2147483647;
			files = (
			);
			runOnlyForDeploymentPostprocessing = 0;
		};
/* End PBXFrameworksBuildPhase section */

/* Begin PBXGroup section */
		E8078BE829FE77FF007BA839 /* Views */ = {
			isa = PBXGroup;
			children = (
				E82DE03A29FD1E4500ADBC15 /* ContentView.swift */,
				E8E840A529FFB61F0020DAD1 /* Landmarks */,
				E8E840A629FFB6310020DAD1 /* Helpers */,
			);
			path = Views;
			sourceTree = "<group>";
		};
		E8078BE929FE7819007BA839 /* Model */ = {
			isa = PBXGroup;
			children = (
				E8078BE429FE6E64007BA839 /* Landmark.swift */,
				E8078BE629FE75F7007BA839 /* ModelData.swift */,
			);
			path = Model;
			sourceTree = "<group>";
		};
		E8078BEA29FE782C007BA839 /* Resources */ = {
			isa = PBXGroup;
			children = (
				E8078BE229FE6E36007BA839 /* landmarkData.json */,
			);
			path = Resources;
			sourceTree = "<group>";
		};
		E82DE02C29FD1E4500ADBC15 = {
			isa = PBXGroup;
			children = (
				E82DE03729FD1E4500ADBC15 /* Landmarks */,
				E82DE03629FD1E4500ADBC15 /* Products */,
			);
			sourceTree = "<group>";
		};
		E82DE03629FD1E4500ADBC15 /* Products */ = {
			isa = PBXGroup;
			children = (
				E82DE03529FD1E4500ADBC15 /* Landmarks.app */,
			);
			name = Products;
			sourceTree = "<group>";
		};
		E82DE03729FD1E4500ADBC15 /* Landmarks */ = {
			isa = PBXGroup;
			children = (
				E82DE03829FD1E4500ADBC15 /* LandmarksApp.swift */,
				E8078BE929FE7819007BA839 /* Model */,
				E8078BE829FE77FF007BA839 /* Views */,
				E8078BEA29FE782C007BA839 /* Resources */,
				E82DE03C29FD1E4600ADBC15 /* Assets.xcassets */,
				E82DE03E29FD1E4600ADBC15 /* Preview Content */,
			);
			path = Landmarks;
			sourceTree = "<group>";
		};
		E82DE03E29FD1E4600ADBC15 /* Preview Content */ = {
			isa = PBXGroup;
			children = (
				E82DE03F29FD1E4600ADBC15 /* Preview Assets.xcassets */,
			);
			path = "Preview Content";
			sourceTree = "<group>";
		};
		E8E840A529FFB61F0020DAD1 /* Landmarks */ = {
			isa = PBXGroup;
			children = (
				E8078BEB29FE78E0007BA839 /* LandmarkRow.swift */,
				E8078BED29FE845B007BA839 /* LandmarkList.swift */,
				E8078BEF29FE850E007BA839 /* LandmarkDetail.swift */,
			);
			path = Landmarks;
			sourceTree = "<group>";
		};
		E8E840A629FFB6310020DAD1 /* Helpers */ = {
			isa = PBXGroup;
			children = (
				E82DE04629FD24D500ADBC15 /* CircleImage.swift */,
				E82DE04829FD259700ADBC15 /* MapView.swift */,
				E8E840A329FFB17E0020DAD1 /* FavoriteButton.swift */,
			);
			path = Helpers;
			sourceTree = "<group>";
		};
/* End PBXGroup section */

/* Begin PBXNativeTarget section */
		E82DE03429FD1E4500ADBC15 /* Landmarks */ = {
			isa = PBXNativeTarget;
			buildConfigurationList = E82DE04329FD1E4600ADBC15 /* Build configuration list for PBXNativeTarget "Landmarks" */;
			buildPhases = (
				E82DE03129FD1E4500ADBC15 /* Sources */,
				E82DE03229FD1E4500ADBC15 /* Frameworks */,
				E82DE03329FD1E4500ADBC15 /* Resources */,
			);
			buildRules = (
			);
			dependencies = (
			);
			name = Landmarks;
			productName = Landmarks;
			productReference = E82DE03529FD1E4500ADBC15 /* Landmarks.app */;
			productType = "com.apple.product-type.application";
		};
/* End PBXNativeTarget section */

/* Begin PBXProject section */
		E82DE02D29FD1E4500ADBC15 /* Project object */ = {
			isa = PBXProject;
			attributes = {
				BuildIndependentTargetsInParallel = 1;
				LastSwiftUpdateCheck = 1430;
				LastUpgradeCheck = 1430;
				TargetAttributes = {
					E82DE03429FD1E4500ADBC15 = {
						CreatedOnToolsVersion = 14.3;
					};
				};
			};
			buildConfigurationList = E82DE03029FD1E4500ADBC15 /* Build configuration list for PBXProject "Landmarks" */;
			compatibilityVersion = "Xcode 14.0";
			developmentRegion = en;
			hasScannedForEncodings = 0;
			knownRegions = (
				en,
				Base,
			);
			mainGroup = E82DE02C29FD1E4500ADBC15;
			productRefGroup = E82DE03629FD1E4500ADBC15 /* Products */;
			projectDirPath = "";
			projectRoot = "";
			targets = (
				E82DE03429FD1E4500ADBC15 /* Landmarks */,
			);
		};
/* End PBXProject section */

/* Begin PBXResourcesBuildPhase section */
		E82DE03329FD1E4500ADBC15 /* Resources */ = {
			isa = PBXResourcesBuildPhase;
			buildActionMask = 2147483647;
			files = (
				E82DE04029FD1E4600ADBC15 /* Preview Assets.xcassets in Resources */,
				E82DE03D29FD1E4600ADBC15 /* Assets.xcassets in Resources */,
				E8078BE329FE6E36007BA839 /* landmarkData.json in Resources */,
			);
			runOnlyForDeploymentPostprocessing = 0;
		};
/* End PBXResourcesBuildPhase section */

/* Begin PBXSourcesBuildPhase section */
		E82DE03129FD1E4500ADBC15 /* Sources */ = {
			isa = PBXSourcesBuildPhase;
			buildActionMask = 2147483647;
			files = (
				E82DE03B29FD1E4500ADBC15 /* ContentView.swift in Sources */,
				E82DE04929FD259700ADBC15 /* MapView.swift in Sources */,
				E82DE03929FD1E4500ADBC15 /* LandmarksApp.swift in Sources */,
				E8E840A429FFB17E0020DAD1 /* FavoriteButton.swift in Sources */,
				E8078BEE29FE845B007BA839 /* LandmarkList.swift in Sources */,
				E8078BF029FE850E007BA839 /* LandmarkDetail.swift in Sources */,
				E82DE04729FD24D500ADBC15 /* CircleImage.swift in Sources */,
				E8078BE529FE6E64007BA839 /* Landmark.swift in Sources */,
				E8078BEC29FE78E0007BA839 /* LandmarkRow.swift in Sources */,
				E8078BE729FE75F7007BA839 /* ModelData.swift in Sources */,
			);
			runOnlyForDeploymentPostprocessing = 0;
		};
/* End PBXSourcesBuildPhase section */

/* Begin XCBuildConfiguration section */
		E82DE04129FD1E4600ADBC15 /* Debug */ = {
			isa = XCBuildConfiguration;
			buildSettings = {
				ALWAYS_SEARCH_USER_PATHS = NO;
				CLANG_ANALYZER_NONNULL = YES;
				CLANG_ANALYZER_NUMBER_OBJECT_CONVERSION = YES_AGGRESSIVE;
				CLANG_CXX_LANGUAGE_STANDARD = "gnu++20";
				CLANG_ENABLE_MODULES = YES;
				CLANG_ENABLE_OBJC_ARC = YES;
				CLANG_ENABLE_OBJC_WEAK = YES;
				CLANG_WARN_BLOCK_CAPTURE_AUTORELEASING = YES;
				CLANG_WARN_BOOL_CONVERSION = YES;
				CLANG_WARN_COMMA = YES;
				CLANG_WARN_CONSTANT_CONVERSION = YES;
				CLANG_WARN_DEPRECATED_OBJC_IMPLEMENTATIONS = YES;
				CLANG_WARN_DIRECT_OBJC_ISA_USAGE = YES_ERROR;
				CLANG_WARN_DOCUMENTATION_COMMENTS = YES;
				CLANG_WARN_EMPTY_BODY = YES;
				CLANG_WARN_ENUM_CONVERSION = YES;
				CLANG_WARN_INFINITE_RECURSION = YES;
				CLANG_WARN_INT_CONVERSION = YES;
				CLANG_WARN_NON_LITERAL_NULL_CONVERSION = YES;
				CLANG_WARN_OBJC_IMPLICIT_RETAIN_SELF = YES;
				CLANG_WARN_OBJC_LITERAL_CONVERSION = YES;
				CLANG_WARN_OBJC_ROOT_CLASS = YES_ERROR;
				CLANG_WARN_QUOTED_INCLUDE_IN_FRAMEWORK_HEADER = YES;
				CLANG_WARN_RANGE_LOOP_ANALYSIS = YES;
				CLANG_WARN_STRICT_PROTOTYPES = YES;
				CLANG_WARN_SUSPICIOUS_MOVE = YES;
				CLANG_WARN_UNGUARDED_AVAILABILITY = YES_AGGRESSIVE;
				CLANG_WARN_UNREACHABLE_CODE = YES;
				CLANG_WARN__DUPLICATE_METHOD_MATCH = YES;
				COPY_PHASE_STRIP = NO;
				DEBUG_INFORMATION_FORMAT = dwarf;
				ENABLE_STRICT_OBJC_MSGSEND = YES;
				ENABLE_TESTABILITY = YES;
				GCC_C_LANGUAGE_STANDARD = gnu11;
				GCC_DYNAMIC_NO_PIC = NO;
				GCC_NO_COMMON_BLOCKS = YES;
				GCC_OPTIMIZATION_LEVEL = 0;
				GCC_PREPROCESSOR_DEFINITIONS = (
					"DEBUG=1",
					"$(inherited)",
				);
				GCC_WARN_64_TO_32_BIT_CONVERSION = YES;
				GCC_WARN_ABOUT_RETURN_TYPE = YES_ERROR;
				GCC_WARN_UNDECLARED_SELECTOR = YES;
				GCC_WARN_UNINITIALIZED_AUTOS = YES_AGGRESSIVE;
				GCC_WARN_UNUSED_FUNCTION = YES;
				GCC_WARN_UNUSED_VARIABLE = YES;
				IPHONEOS_DEPLOYMENT_TARGET = 16.4;
				MTL_ENABLE_DEBUG_INFO = INCLUDE_SOURCE;
				MTL_FAST_MATH = YES;
				ONLY_ACTIVE_ARCH = YES;
				SDKROOT = iphoneos;
				SWIFT_ACTIVE_COMPILATION_CONDITIONS = DEBUG;
				SWIFT_OPTIMIZATION_LEVEL = "-Onone";
			};
			name = Debug;
		};
		E82DE04229FD1E4600ADBC15 /* Release */ = {
			isa = XCBuildConfiguration;
			buildSettings = {
				ALWAYS_SEARCH_USER_PATHS = NO;
				CLANG_ANALYZER_NONNULL = YES;
				CLANG_ANALYZER_NUMBER_OBJECT_CONVERSION = YES_AGGRESSIVE;
				CLANG_CXX_LANGUAGE_STANDARD = "gnu++20";
				CLANG_ENABLE_MODULES = YES;
				CLANG_ENABLE_OBJC_ARC = YES;
				CLANG_ENABLE_OBJC_WEAK = YES;
				CLANG_WARN_BLOCK_CAPTURE_AUTORELEASING = YES;
				CLANG_WARN_BOOL_CONVERSION = YES;
				CLANG_WARN_COMMA = YES;
				CLANG_WARN_CONSTANT_CONVERSION = YES;
				CLANG_WARN_DEPRECATED_OBJC_IMPLEMENTATIONS = YES;
				CLANG_WARN_DIRECT_OBJC_ISA_USAGE = YES_ERROR;
				CLANG_WARN_DOCUMENTATION_COMMENTS = YES;
				CLANG_WARN_EMPTY_BODY = YES;
				CLANG_WARN_ENUM_CONVERSION = YES;
				CLANG_WARN_INFINITE_RECURSION = YES;
				CLANG_WARN_INT_CONVERSION = YES;
				CLANG_WARN_NON_LITERAL_NULL_CONVERSION = YES;
				CLANG_WARN_OBJC_IMPLICIT_RETAIN_SELF = YES;
				CLANG_WARN_OBJC_LITERAL_CONVERSION = YES;
				CLANG_WARN_OBJC_ROOT_CLASS = YES_ERROR;
				CLANG_WARN_QUOTED_INCLUDE_IN_FRAMEWORK_HEADER = YES;
				CLANG_WARN_RANGE_LOOP_ANALYSIS = YES;
				CLANG_WARN_STRICT_PROTOTYPES = YES;
				CLANG_WARN_SUSPICIOUS_MOVE = YES;
				CLANG_WARN_UNGUARDED_AVAILABILITY = YES_AGGRESSIVE;
				CLANG_WARN_UNREACHABLE_CODE = YES;
				CLANG_WARN__DUPLICATE_METHOD_MATCH = YES;
				COPY_PHASE_STRIP = NO;
				DEBUG_INFORMATION_FORMAT = "dwarf-with-dsym";
				ENABLE_NS_ASSERTIONS = NO;
				ENABLE_STRICT_OBJC_MSGSEND = YES;
				GCC_C_LANGUAGE_STANDARD = gnu11;
				GCC_NO_COMMON_BLOCKS = YES;
				GCC_WARN_64_TO_32_BIT_CONVERSION = YES;
				GCC_WARN_ABOUT_RETURN_TYPE = YES_ERROR;
				GCC_WARN_UNDECLARED_SELECTOR = YES;
				GCC_WARN_UNINITIALIZED_AUTOS = YES_AGGRESSIVE;
				GCC_WARN_UNUSED_FUNCTION = YES;
				GCC_WARN_UNUSED_VARIABLE = YES;
				IPHONEOS_DEPLOYMENT_TARGET = 16.4;
				MTL_ENABLE_DEBUG_INFO = NO;
				MTL_FAST_MATH = YES;
				SDKROOT = iphoneos;
				SWIFT_COMPILATION_MODE = wholemodule;
				SWIFT_OPTIMIZATION_LEVEL = "-O";
				VALIDATE_PRODUCT = YES;
			};
			name = Release;
		};
		E82DE04429FD1E4600ADBC15 /* Debug */ = {
			isa = XCBuildConfiguration;
			buildSettings = {
				ASSETCATALOG_COMPILER_APPICON_NAME = AppIcon;
				ASSETCATALOG_COMPILER_GLOBAL_ACCENT_COLOR_NAME = AccentColor;
				CODE_SIGN_STYLE = Automatic;
				CURRENT_PROJECT_VERSION = 1;
				DEVELOPMENT_ASSET_PATHS = "\"Landmarks/Preview Content\"";
				ENABLE_PREVIEWS = YES;
				GENERATE_INFOPLIST_FILE = YES;
				INFOPLIST_KEY_UIApplicationSceneManifest_Generation = YES;
				INFOPLIST_KEY_UIApplicationSupportsIndirectInputEvents = YES;
				INFOPLIST_KEY_UILaunchScreen_Generation = YES;
				INFOPLIST_KEY_UISupportedInterfaceOrientations_iPad = "UIInterfaceOrientationPortrait UIInterfaceOrientationPortraitUpsideDown UIInterfaceOrientationLandscapeLeft UIInterfaceOrientationLandscapeRight";
				INFOPLIST_KEY_UISupportedInterfaceOrientations_iPhone = "UIInterfaceOrientationPortrait UIInterfaceOrientationLandscapeLeft UIInterfaceOrientationLandscapeRight";
				LD_RUNPATH_SEARCH_PATHS = (
					"$(inherited)",
					"@executable_path/Frameworks",
				);
				MARKETING_VERSION = 1.0;
				PRODUCT_BUNDLE_IDENTIFIER = com.jp.Landmarks;
				PRODUCT_NAME = "$(TARGET_NAME)";
				SWIFT_EMIT_LOC_STRINGS = YES;
				SWIFT_VERSION = 5.0;
				TARGETED_DEVICE_FAMILY = "1,2";
			};
			name = Debug;
		};
		E82DE04529FD1E4600ADBC15 /* Release */ = {
			isa = XCBuildConfiguration;
			buildSettings = {
				ASSETCATALOG_COMPILER_APPICON_NAME = AppIcon;
				ASSETCATALOG_COMPILER_GLOBAL_ACCENT_COLOR_NAME = AccentColor;
				CODE_SIGN_STYLE = Automatic;
				CURRENT_PROJECT_VERSION = 1;
				DEVELOPMENT_ASSET_PATHS = "\"Landmarks/Preview Content\"";
				ENABLE_PREVIEWS = YES;
				GENERATE_INFOPLIST_FILE = YES;
				INFOPLIST_KEY_UIApplicationSceneManifest_Generation = YES;
				INFOPLIST_KEY_UIApplicationSupportsIndirectInputEvents = YES;
				INFOPLIST_KEY_UILaunchScreen_Generation = YES;
				INFOPLIST_KEY_UISupportedInterfaceOrientations_iPad = "UIInterfaceOrientationPortrait UIInterfaceOrientationPortraitUpsideDown UIInterfaceOrientationLandscapeLeft UIInterfaceOrientationLandscapeRight";
				INFOPLIST_KEY_UISupportedInterfaceOrientations_iPhone = "UIInterfaceOrientationPortrait UIInterfaceOrientationLandscapeLeft UIInterfaceOrientationLandscapeRight";
				LD_RUNPATH_SEARCH_PATHS = (
					"$(inherited)",
					"@executable_path/Frameworks",
				);
				MARKETING_VERSION = 1.0;
				PRODUCT_BUNDLE_IDENTIFIER = com.jp.Landmarks;
				PRODUCT_NAME = "$(TARGET_NAME)";
				SWIFT_EMIT_LOC_STRINGS = YES;
				SWIFT_VERSION = 5.0;
				TARGETED_DEVICE_FAMILY = "1,2";
			};
			name = Release;
		};
/* End XCBuildConfiguration section */

/* Begin XCConfigurationList section */
		E82DE03029FD1E4500ADBC15 /* Build configuration list for PBXProject "Landmarks" */ = {
			isa = XCConfigurationList;
			buildConfigurations = (
				E82DE04129FD1E4600ADBC15 /* Debug */,
				E82DE04229FD1E4600ADBC15 /* Release */,
			);
			defaultConfigurationIsVisible = 0;
			defaultConfigurationName = Release;
		};
		E82DE04329FD1E4600ADBC15 /* Build configuration list for PBXNativeTarget "Landmarks" */ = {
			isa = XCConfigurationList;
			buildConfigurations = (
				E82DE04429FD1E4600ADBC15 /* Debug */,
				E82DE04529FD1E4600ADBC15 /* Release */,
			);
			defaultConfigurationIsVisible = 0;
			defaultConfigurationName = Release;
		};
/* End XCConfigurationList section */
	};
	rootObject = E82DE02D29FD1E4500ADBC15 /* Project object */;
}
